PODS:
  - ActionSheetPicker-3.0 (2.0.5)
  - Realm (0.98.4):
    - Realm/Headers (= 0.98.4)
  - Realm/Headers (0.98.4)
  - RealmSwift (0.98.4):
    - Realm (= 0.98.4)
  - SwiftyJSON (2.3.2)

DEPENDENCIES:
  - ActionSheetPicker-3.0
  - RealmSwift
  - SwiftyJSON

SPEC CHECKSUMS:
  ActionSheetPicker-3.0: 8312778b6815578e6a86d630fbcf31dc94c534e7
  Realm: 7745674cb1b7cb2a84a655bfd420b86efdaad36e
  RealmSwift: 18742f4f13f98117aeec53b92058918ac93bf38f
  SwiftyJSON: 04ccea08915aa0109039157c7974cf0298da292a

COCOAPODS: 0.39.0
